// !$*UTF8*$!
{
	archiveVersion = 1;
	classes = {
	};
	objectVersion = 50;
	objects = {

/* Begin PBXBuildFile section */
		732EC52A2412219800CCCA81 /* compat.cpp in Sources */ = {isa = PBXBuildFile; fileRef = 732EC5282412219700CCCA81 /* compat.cpp */; };
		732EC52D2412275D00CCCA81 /* university_map_graph.cpp in Sources */ = {isa = PBXBuildFile; fileRef = 732EC52B2412275D00CCCA81 /* university_map_graph.cpp */; };
		732EC5322413783C00CCCA81 /* nodegraph.cpp in Sources */ = {isa = PBXBuildFile; fileRef = 732EC5312413783C00CCCA81 /* nodegraph.cpp */; };
		732EC5372413798300CCCA81 /* pathfinding.cpp in Sources */ = {isa = PBXBuildFile; fileRef = 732EC5362413798300CCCA81 /* pathfinding.cpp */; };
		733266C8235EAA7600907B30 /* glgoose.cpp in Sources */ = {isa = PBXBuildFile; fileRef = 733266C7235EAA7600907B30 /* glgoose.cpp */; };
		733266E4235EAB8200907B30 /* vec3d.cpp in Sources */ = {isa = PBXBuildFile; fileRef = 733266D5235EAB8100907B30 /* vec3d.cpp */; };
		733266E6235EAB8200907B30 /* gameobject.cpp in Sources */ = {isa = PBXBuildFile; fileRef = 733266D7235EAB8100907B30 /* gameobject.cpp */; };
		733266E7235EAB8200907B30 /* objloader.cpp in Sources */ = {isa = PBXBuildFile; fileRef = 733266D9235EAB8100907B30 /* objloader.cpp */; };
		733266E8235EAB8200907B30 /* vec2d.cpp in Sources */ = {isa = PBXBuildFile; fileRef = 733266DA235EAB8100907B30 /* vec2d.cpp */; };
		733266E9235EAB8200907B30 /* renderer.cpp in Sources */ = {isa = PBXBuildFile; fileRef = 733266DE235EAB8100907B30 /* renderer.cpp */; };
		733266EA235EAB8200907B30 /* game.cpp in Sources */ = {isa = PBXBuildFile; fileRef = 733266E1235EAB8100907B30 /* game.cpp */; };
		733266EB235EAB8200907B30 /* input.cpp in Sources */ = {isa = PBXBuildFile; fileRef = 733266E2235EAB8100907B30 /* input.cpp */; };
		733266EC235EAB8200907B30 /* texture.cpp in Sources */ = {isa = PBXBuildFile; fileRef = 733266E3235EAB8200907B30 /* texture.cpp */; };
		733266F0235EC53400907B30 /* character.cpp in Sources */ = {isa = PBXBuildFile; fileRef = 733266EF235EC53400907B30 /* character.cpp */; };
		734E1B1223556A8300FBF3CC /* OpenGL.framework in Frameworks */ = {isa = PBXBuildFile; fileRef = 734E1B1123556A8300FBF3CC /* OpenGL.framework */; };
		734E1B1423556A8800FBF3CC /* GLUT.framework in Frameworks */ = {isa = PBXBuildFile; fileRef = 734E1B1323556A8800FBF3CC /* GLUT.framework */; };
		73735E58235FE9C40048C9EC /* player.cpp in Sources */ = {isa = PBXBuildFile; fileRef = 73735E57235FE9C40048C9EC /* player.cpp */; };
		73735E5A235FE9E80048C9EC /* gameutils.cpp in Sources */ = {isa = PBXBuildFile; fileRef = 73735E59235FE9E80048C9EC /* gameutils.cpp */; };
		73735E5C235FEB930048C9EC /* modeltype.cpp in Sources */ = {isa = PBXBuildFile; fileRef = 73735E5B235FEB930048C9EC /* modeltype.cpp */; };
		73735E5E23600F730048C9EC /* characterstate.cpp in Sources */ = {isa = PBXBuildFile; fileRef = 73735E5D23600F730048C9EC /* characterstate.cpp */; };
		73735E6023600FD00048C9EC /* item.cpp in Sources */ = {isa = PBXBuildFile; fileRef = 73735E5F23600FD00048C9EC /* item.cpp */; };
		73A093502389088400C53E85 /* physics.cpp in Sources */ = {isa = PBXBuildFile; fileRef = 73A0934E2389088400C53E85 /* physics.cpp */; };
		73D1784E23BF173800AC253C /* university_map_collision.cpp in Sources */ = {isa = PBXBuildFile; fileRef = 73D1784D23BF173700AC253C /* university_map_collision.cpp */; };
		73D9004F2411DEFF00F96350 /* pathfinding.cpp in Sources */ = {isa = PBXBuildFile; fileRef = 73D9004E2411DEFF00F96350 /* pathfinding.cpp */; };
		73E1066A23B0146600DE8673 /* imgui_impl_glut.cpp in Sources */ = {isa = PBXBuildFile; fileRef = 73E1066623B0146600DE8673 /* imgui_impl_glut.cpp */; };
		73E1066B23B0146600DE8673 /* imgui.cpp in Sources */ = {isa = PBXBuildFile; fileRef = 73E1066723B0146600DE8673 /* imgui.cpp */; };
		73E1066C23B0146600DE8673 /* imgui_impl_opengl2.cpp in Sources */ = {isa = PBXBuildFile; fileRef = 73E1066923B0146600DE8673 /* imgui_impl_opengl2.cpp */; };
		73E1066F23B014A600DE8673 /* imgui_widgets.cpp in Sources */ = {isa = PBXBuildFile; fileRef = 73E1066D23B014A600DE8673 /* imgui_widgets.cpp */; };
		73E1067023B014A600DE8673 /* imgui_draw.cpp in Sources */ = {isa = PBXBuildFile; fileRef = 73E1066E23B014A600DE8673 /* imgui_draw.cpp */; };
		73E1067323B483A400DE8673 /* collision.cpp in Sources */ = {isa = PBXBuildFile; fileRef = 73E1067123B483A300DE8673 /* collision.cpp */; };
		73E90496238B326100CF5D2F /* animation.cpp in Sources */ = {isa = PBXBuildFile; fileRef = 73E90494238B326100CF5D2F /* animation.cpp */; };
		73E9049923944EE700CF5D2F /* rotation.cpp in Sources */ = {isa = PBXBuildFile; fileRef = 73E9049823944EE700CF5D2F /* rotation.cpp */; };
/* End PBXBuildFile section */

/* Begin PBXCopyFilesBuildPhase section */
		73881962234D854C0057630E /* Copy Files */ = {
			isa = PBXCopyFilesBuildPhase;
			buildActionMask = 2147483647;
			dstPath = /usr/share/man/man1/;
			dstSubfolderSpec = 0;
			files = (
			);
			name = "Copy Files";
			runOnlyForDeploymentPostprocessing = 1;
		};
/* End PBXCopyFilesBuildPhase section */

/* Begin PBXFileReference section */
		7300A9AA23A9F79C00CD6A5B /* characteranimtypes.h */ = {isa = PBXFileReference; lastKnownFileType = sourcecode.c.h; name = characteranimtypes.h; path = ../characteranimtypes.h; sourceTree = "<group>"; };
		7300A9AB23A9F7A900CD6A5B /* character_anim.h */ = {isa = PBXFileReference; lastKnownFileType = sourcecode.c.h; name = character_anim.h; path = ../character_anim.h; sourceTree = "<group>"; };
		732EC5282412219700CCCA81 /* compat.cpp */ = {isa = PBXFileReference; fileEncoding = 4; lastKnownFileType = sourcecode.cpp.cpp; name = compat.cpp; path = ../compat.cpp; sourceTree = "<group>"; };
		732EC5292412219800CCCA81 /* compat.h */ = {isa = PBXFileReference; fileEncoding = 4; lastKnownFileType = sourcecode.c.h; name = compat.h; path = ../compat.h; sourceTree = "<group>"; };
		732EC52B2412275D00CCCA81 /* university_map_graph.cpp */ = {isa = PBXFileReference; fileEncoding = 4; lastKnownFileType = sourcecode.cpp.cpp; name = university_map_graph.cpp; path = ../university_map_graph.cpp; sourceTree = "<group>"; };
		732EC52C2412275D00CCCA81 /* university_map_graph.h */ = {isa = PBXFileReference; fileEncoding = 4; lastKnownFileType = sourcecode.c.h; name = university_map_graph.h; path = ../university_map_graph.h; sourceTree = "<group>"; };
		732EC5302413783C00CCCA81 /* nodegraph.hpp */ = {isa = PBXFileReference; fileEncoding = 4; lastKnownFileType = sourcecode.cpp.h; path = nodegraph.hpp; sourceTree = "<group>"; };
		732EC5312413783C00CCCA81 /* nodegraph.cpp */ = {isa = PBXFileReference; fileEncoding = 4; lastKnownFileType = sourcecode.cpp.cpp; path = nodegraph.cpp; sourceTree = "<group>"; };
		732EC533241378E400CCCA81 /* pathfinding.h */ = {isa = PBXFileReference; fileEncoding = 4; lastKnownFileType = sourcecode.c.h; name = pathfinding.h; path = ../pathfinding.h; sourceTree = "<group>"; };
		732EC5362413798300CCCA81 /* pathfinding.cpp */ = {isa = PBXFileReference; fileEncoding = 4; lastKnownFileType = sourcecode.cpp.cpp; name = pathfinding.cpp; path = ../pathfinding.cpp; sourceTree = "<group>"; };
		733266BE235CFB2C00907B30 /* renderer.h */ = {isa = PBXFileReference; fileEncoding = 4; lastKnownFileType = sourcecode.c.h; name = renderer.h; path = ../renderer.h; sourceTree = "<group>"; };
		733266C4235D0C2B00907B30 /* input.h */ = {isa = PBXFileReference; fileEncoding = 4; lastKnownFileType = sourcecode.c.h; name = input.h; path = ../input.h; sourceTree = "<group>"; };
		733266C7235EAA7600907B30 /* glgoose.cpp */ = {isa = PBXFileReference; fileEncoding = 4; lastKnownFileType = sourcecode.cpp.cpp; name = glgoose.cpp; path = ../glgoose.cpp; sourceTree = "<group>"; };
		733266D5235EAB8100907B30 /* vec3d.cpp */ = {isa = PBXFileReference; fileEncoding = 4; lastKnownFileType = sourcecode.cpp.cpp; name = vec3d.cpp; path = ../vec3d.cpp; sourceTree = "<group>"; };
		733266D6235EAB8100907B30 /* renderer.c */ = {isa = PBXFileReference; fileEncoding = 4; lastKnownFileType = sourcecode.c.c; name = renderer.c; path = ../renderer.c; sourceTree = "<group>"; };
		733266D7235EAB8100907B30 /* gameobject.cpp */ = {isa = PBXFileReference; fileEncoding = 4; lastKnownFileType = sourcecode.cpp.cpp; name = gameobject.cpp; path = ../gameobject.cpp; sourceTree = "<group>"; };
		733266D8235EAB8100907B30 /* vec3d.h */ = {isa = PBXFileReference; fileEncoding = 4; lastKnownFileType = sourcecode.c.h; name = vec3d.h; path = ../vec3d.h; sourceTree = "<group>"; };
		733266D9235EAB8100907B30 /* objloader.cpp */ = {isa = PBXFileReference; fileEncoding = 4; lastKnownFileType = sourcecode.cpp.cpp; name = objloader.cpp; path = ../gl/objloader.cpp; sourceTree = "<group>"; };
		733266DA235EAB8100907B30 /* vec2d.cpp */ = {isa = PBXFileReference; fileEncoding = 4; lastKnownFileType = sourcecode.cpp.cpp; name = vec2d.cpp; path = ../vec2d.cpp; sourceTree = "<group>"; };
		733266DB235EAB8100907B30 /* input.h */ = {isa = PBXFileReference; fileEncoding = 4; lastKnownFileType = sourcecode.c.h; name = input.h; path = ../input.h; sourceTree = "<group>"; };
		733266DC235EAB8100907B30 /* vec2d.h */ = {isa = PBXFileReference; fileEncoding = 4; lastKnownFileType = sourcecode.c.h; name = vec2d.h; path = ../vec2d.h; sourceTree = "<group>"; };
		733266DD235EAB8100907B30 /* texture.hpp */ = {isa = PBXFileReference; fileEncoding = 4; lastKnownFileType = sourcecode.cpp.h; name = texture.hpp; path = ../gl/texture.hpp; sourceTree = "<group>"; };
		733266DE235EAB8100907B30 /* renderer.cpp */ = {isa = PBXFileReference; fileEncoding = 4; lastKnownFileType = sourcecode.cpp.cpp; name = renderer.cpp; path = ../renderer.cpp; sourceTree = "<group>"; };
		733266E0235EAB8100907B30 /* objloader.hpp */ = {isa = PBXFileReference; fileEncoding = 4; lastKnownFileType = sourcecode.cpp.h; name = objloader.hpp; path = ../gl/objloader.hpp; sourceTree = "<group>"; };
		733266E1235EAB8100907B30 /* game.cpp */ = {isa = PBXFileReference; fileEncoding = 4; lastKnownFileType = sourcecode.cpp.cpp; name = game.cpp; path = ../game.cpp; sourceTree = "<group>"; };
		733266E2235EAB8100907B30 /* input.cpp */ = {isa = PBXFileReference; fileEncoding = 4; lastKnownFileType = sourcecode.cpp.cpp; name = input.cpp; path = ../input.cpp; sourceTree = "<group>"; };
		733266E3235EAB8200907B30 /* texture.cpp */ = {isa = PBXFileReference; fileEncoding = 4; lastKnownFileType = sourcecode.cpp.cpp; name = texture.cpp; path = ../gl/texture.cpp; sourceTree = "<group>"; };
		733266ED235EAD0B00907B30 /* game.h */ = {isa = PBXFileReference; fileEncoding = 4; lastKnownFileType = sourcecode.c.h; name = game.h; path = ../game.h; sourceTree = "<group>"; };
		733266EE235EC53400907B30 /* character.h */ = {isa = PBXFileReference; fileEncoding = 4; lastKnownFileType = sourcecode.c.h; name = character.h; path = ../character.h; sourceTree = "<group>"; };
		733266EF235EC53400907B30 /* character.cpp */ = {isa = PBXFileReference; fileEncoding = 4; lastKnownFileType = sourcecode.cpp.cpp; name = character.cpp; path = ../character.cpp; sourceTree = "<group>"; };
		734E1B1123556A8300FBF3CC /* OpenGL.framework */ = {isa = PBXFileReference; lastKnownFileType = wrapper.framework; name = OpenGL.framework; path = System/Library/Frameworks/OpenGL.framework; sourceTree = SDKROOT; };
		734E1B1323556A8800FBF3CC /* GLUT.framework */ = {isa = PBXFileReference; lastKnownFileType = wrapper.framework; name = GLUT.framework; path = System/Library/Frameworks/GLUT.framework; sourceTree = SDKROOT; };
		734E1B2223556F4A00FBF3CC /* gameobject.h */ = {isa = PBXFileReference; fileEncoding = 4; lastKnownFileType = sourcecode.c.h; name = gameobject.h; path = ../gameobject.h; sourceTree = "<group>"; };
		73735E57235FE9C40048C9EC /* player.cpp */ = {isa = PBXFileReference; fileEncoding = 4; lastKnownFileType = sourcecode.cpp.cpp; name = player.cpp; path = ../player.cpp; sourceTree = "<group>"; };
		73735E59235FE9E80048C9EC /* gameutils.cpp */ = {isa = PBXFileReference; lastKnownFileType = sourcecode.cpp.cpp; name = gameutils.cpp; path = ../gameutils.cpp; sourceTree = "<group>"; };
		73735E5B235FEB930048C9EC /* modeltype.cpp */ = {isa = PBXFileReference; fileEncoding = 4; lastKnownFileType = sourcecode.cpp.cpp; name = modeltype.cpp; path = ../modeltype.cpp; sourceTree = "<group>"; };
		73735E5D23600F730048C9EC /* characterstate.cpp */ = {isa = PBXFileReference; fileEncoding = 4; lastKnownFileType = sourcecode.cpp.cpp; name = characterstate.cpp; path = ../characterstate.cpp; sourceTree = "<group>"; };
		73735E5F23600FD00048C9EC /* item.cpp */ = {isa = PBXFileReference; lastKnownFileType = sourcecode.cpp.cpp; name = item.cpp; path = ../item.cpp; sourceTree = "<group>"; };
		73735E6123600FF10048C9EC /* item.h */ = {isa = PBXFileReference; lastKnownFileType = sourcecode.c.h; name = item.h; path = ../item.h; sourceTree = "<group>"; };
		73881964234D854C0057630E /* goose64glut */ = {isa = PBXFileReference; explicitFileType = "compiled.mach-o.executable"; includeInIndex = 0; path = goose64glut; sourceTree = BUILT_PRODUCTS_DIR; };
		73A0934E2389088400C53E85 /* physics.cpp */ = {isa = PBXFileReference; fileEncoding = 4; lastKnownFileType = sourcecode.cpp.cpp; name = physics.cpp; path = ../physics.cpp; sourceTree = "<group>"; };
		73A0934F2389088400C53E85 /* physics.h */ = {isa = PBXFileReference; fileEncoding = 4; lastKnownFileType = sourcecode.c.h; name = physics.h; path = ../physics.h; sourceTree = "<group>"; };
		73A2C3C42362720B0036BCCB /* SDL2.framework */ = {isa = PBXFileReference; lastKnownFileType = wrapper.framework; name = SDL2.framework; path = ../../../../../../../../../../Library/Frameworks/SDL2.framework; sourceTree = "<group>"; };
		73D1784D23BF173700AC253C /* university_map_collision.cpp */ = {isa = PBXFileReference; fileEncoding = 4; lastKnownFileType = sourcecode.cpp.cpp; name = university_map_collision.cpp; path = ../university_map_collision.cpp; sourceTree = "<group>"; };
		73D9004E2411DEFF00F96350 /* pathfinding.cpp */ = {isa = PBXFileReference; fileEncoding = 4; lastKnownFileType = sourcecode.cpp.cpp; name = pathfinding.cpp; path = ../pathfinding.cpp; sourceTree = "<group>"; };
		73E1066423B0146500DE8673 /* imgui_impl_glut.h */ = {isa = PBXFileReference; fileEncoding = 4; lastKnownFileType = sourcecode.c.h; name = imgui_impl_glut.h; path = ../imgui/examples/imgui_impl_glut.h; sourceTree = "<group>"; };
		73E1066523B0146500DE8673 /* imgui.h */ = {isa = PBXFileReference; fileEncoding = 4; lastKnownFileType = sourcecode.c.h; name = imgui.h; path = ../imgui/imgui.h; sourceTree = "<group>"; };
		73E1066623B0146600DE8673 /* imgui_impl_glut.cpp */ = {isa = PBXFileReference; fileEncoding = 4; lastKnownFileType = sourcecode.cpp.cpp; name = imgui_impl_glut.cpp; path = ../imgui/examples/imgui_impl_glut.cpp; sourceTree = "<group>"; };
		73E1066723B0146600DE8673 /* imgui.cpp */ = {isa = PBXFileReference; fileEncoding = 4; lastKnownFileType = sourcecode.cpp.cpp; name = imgui.cpp; path = ../imgui/imgui.cpp; sourceTree = "<group>"; };
		73E1066823B0146600DE8673 /* imgui_impl_opengl2.h */ = {isa = PBXFileReference; fileEncoding = 4; lastKnownFileType = sourcecode.c.h; name = imgui_impl_opengl2.h; path = ../imgui/examples/imgui_impl_opengl2.h; sourceTree = "<group>"; };
		73E1066923B0146600DE8673 /* imgui_impl_opengl2.cpp */ = {isa = PBXFileReference; fileEncoding = 4; lastKnownFileType = sourcecode.cpp.cpp; name = imgui_impl_opengl2.cpp; path = ../imgui/examples/imgui_impl_opengl2.cpp; sourceTree = "<group>"; };
		73E1066D23B014A600DE8673 /* imgui_widgets.cpp */ = {isa = PBXFileReference; fileEncoding = 4; lastKnownFileType = sourcecode.cpp.cpp; name = imgui_widgets.cpp; path = ../imgui/imgui_widgets.cpp; sourceTree = "<group>"; };
		73E1066E23B014A600DE8673 /* imgui_draw.cpp */ = {isa = PBXFileReference; fileEncoding = 4; lastKnownFileType = sourcecode.cpp.cpp; name = imgui_draw.cpp; path = ../imgui/imgui_draw.cpp; sourceTree = "<group>"; };
		73E1067123B483A300DE8673 /* collision.cpp */ = {isa = PBXFileReference; fileEncoding = 4; lastKnownFileType = sourcecode.cpp.cpp; name = collision.cpp; path = ../collision.cpp; sourceTree = "<group>"; };
		73E1067223B483A400DE8673 /* collision.h */ = {isa = PBXFileReference; fileEncoding = 4; lastKnownFileType = sourcecode.c.h; name = collision.h; path = ../collision.h; sourceTree = "<group>"; };
		73E90494238B326100CF5D2F /* animation.cpp */ = {isa = PBXFileReference; fileEncoding = 4; lastKnownFileType = sourcecode.cpp.cpp; name = animation.cpp; path = ../animation.cpp; sourceTree = "<group>"; };
		73E90495238B326100CF5D2F /* animation.h */ = {isa = PBXFileReference; fileEncoding = 4; lastKnownFileType = sourcecode.c.h; name = animation.h; path = ../animation.h; sourceTree = "<group>"; };
		73E9049723944EE600CF5D2F /* rotation.h */ = {isa = PBXFileReference; fileEncoding = 4; lastKnownFileType = sourcecode.c.h; name = rotation.h; path = ../rotation.h; sourceTree = "<group>"; };
		73E9049823944EE700CF5D2F /* rotation.cpp */ = {isa = PBXFileReference; fileEncoding = 4; lastKnownFileType = sourcecode.cpp.cpp; name = rotation.cpp; path = ../rotation.cpp; sourceTree = "<group>"; };
/* End PBXFileReference section */

/* Begin PBXFrameworksBuildPhase section */
		73881961234D854C0057630E /* Frameworks */ = {
			isa = PBXFrameworksBuildPhase;
			buildActionMask = 2147483647;
			files = (
				734E1B1423556A8800FBF3CC /* GLUT.framework in Frameworks */,
				734E1B1223556A8300FBF3CC /* OpenGL.framework in Frameworks */,
			);
			runOnlyForDeploymentPostprocessing = 0;
		};
/* End PBXFrameworksBuildPhase section */

/* Begin PBXGroup section */
		732EC52F2413783C00CCCA81 /* nodegraph */ = {
			isa = PBXGroup;
			children = (
				732EC5302413783C00CCCA81 /* nodegraph.hpp */,
				732EC5312413783C00CCCA81 /* nodegraph.cpp */,
			);
			name = nodegraph;
			path = ../nodegraph;
			sourceTree = "<group>";
		};
		734E1B1023556A8300FBF3CC /* Frameworks */ = {
			isa = PBXGroup;
			children = (
				73A2C3C42362720B0036BCCB /* SDL2.framework */,
				734E1B1323556A8800FBF3CC /* GLUT.framework */,
				734E1B1123556A8300FBF3CC /* OpenGL.framework */,
			);
			name = Frameworks;
			sourceTree = "<group>";
		};
		7388195B234D854C0057630E = {
			isa = PBXGroup;
			children = (
				73735E5F23600FD00048C9EC /* item.cpp */,
				73735E59235FE9E80048C9EC /* gameutils.cpp */,
				733266E1235EAB8100907B30 /* game.cpp */,
				734E1B2223556F4A00FBF3CC /* gameobject.h */,
				733266E2235EAB8100907B30 /* input.cpp */,
				733266C4235D0C2B00907B30 /* input.h */,
				733266C7235EAA7600907B30 /* glgoose.cpp */,
				733266D7235EAB8100907B30 /* gameobject.cpp */,
				733266DB235EAB8100907B30 /* input.h */,
				733266EF235EC53400907B30 /* character.cpp */,
				73D1784D23BF173700AC253C /* university_map_collision.cpp */,
				732EC5282412219700CCCA81 /* compat.cpp */,
				732EC5292412219800CCCA81 /* compat.h */,
				732EC52B2412275D00CCCA81 /* university_map_graph.cpp */,
				732EC52C2412275D00CCCA81 /* university_map_graph.h */,
				73E1067123B483A300DE8673 /* collision.cpp */,
				732EC52F2413783C00CCCA81 /* nodegraph */,
				73D9004E2411DEFF00F96350 /* pathfinding.cpp */,
				73E1067223B483A400DE8673 /* collision.h */,
				733266EE235EC53400907B30 /* character.h */,
				733266D9235EAB8100907B30 /* objloader.cpp */,
				733266ED235EAD0B00907B30 /* game.h */,
				73E1066323B0144500DE8673 /* imgui */,
				733266E0235EAB8100907B30 /* objloader.hpp */,
				7300A9AB23A9F7A900CD6A5B /* character_anim.h */,
				733266D6235EAB8100907B30 /* renderer.c */,
				7300A9AA23A9F79C00CD6A5B /* characteranimtypes.h */,
				73E90494238B326100CF5D2F /* animation.cpp */,
				732EC5362413798300CCCA81 /* pathfinding.cpp */,
				73E9049823944EE700CF5D2F /* rotation.cpp */,
				73E9049723944EE600CF5D2F /* rotation.h */,
				73E90495238B326100CF5D2F /* animation.h */,
				73A0934E2389088400C53E85 /* physics.cpp */,
				73A0934F2389088400C53E85 /* physics.h */,
				73735E5D23600F730048C9EC /* characterstate.cpp */,
				732EC533241378E400CCCA81 /* pathfinding.h */,
				73735E6123600FF10048C9EC /* item.h */,
				733266DE235EAB8100907B30 /* renderer.cpp */,
				73735E5B235FEB930048C9EC /* modeltype.cpp */,
				73735E57235FE9C40048C9EC /* player.cpp */,
				733266E3235EAB8200907B30 /* texture.cpp */,
				733266DD235EAB8100907B30 /* texture.hpp */,
				733266DA235EAB8100907B30 /* vec2d.cpp */,
				733266DC235EAB8100907B30 /* vec2d.h */,
				733266D5235EAB8100907B30 /* vec3d.cpp */,
				733266D8235EAB8100907B30 /* vec3d.h */,
				733266BE235CFB2C00907B30 /* renderer.h */,
				73881965234D854C0057630E /* Products */,
				734E1B1023556A8300FBF3CC /* Frameworks */,
			);
			sourceTree = "<group>";
		};
		73881965234D854C0057630E /* Products */ = {
			isa = PBXGroup;
			children = (
				73881964234D854C0057630E /* goose64glut */,
			);
			name = Products;
			sourceTree = "<group>";
		};
		73E1066323B0144500DE8673 /* imgui */ = {
			isa = PBXGroup;
			children = (
				73E1066E23B014A600DE8673 /* imgui_draw.cpp */,
				73E1066D23B014A600DE8673 /* imgui_widgets.cpp */,
				73E1066623B0146600DE8673 /* imgui_impl_glut.cpp */,
				73E1066423B0146500DE8673 /* imgui_impl_glut.h */,
				73E1066923B0146600DE8673 /* imgui_impl_opengl2.cpp */,
				73E1066823B0146600DE8673 /* imgui_impl_opengl2.h */,
				73E1066723B0146600DE8673 /* imgui.cpp */,
				73E1066523B0146500DE8673 /* imgui.h */,
			);
			name = imgui;
			sourceTree = "<group>";
		};
/* End PBXGroup section */

/* Begin PBXNativeTarget section */
		73881963234D854C0057630E /* goose64glut */ = {
			isa = PBXNativeTarget;
			buildConfigurationList = 7388196B234D854C0057630E /* Build configuration list for PBXNativeTarget "goose64glut" */;
			buildPhases = (
				73881960234D854C0057630E /* Sources */,
				73881961234D854C0057630E /* Frameworks */,
				73881962234D854C0057630E /* Copy Files */,
			);
			buildRules = (
			);
			dependencies = (
			);
			name = goose64glut;
			productName = goose64glut;
			productReference = 73881964234D854C0057630E /* goose64glut */;
			productType = "com.apple.product-type.tool";
		};
/* End PBXNativeTarget section */

/* Begin PBXProject section */
		7388195C234D854C0057630E /* Project object */ = {
			isa = PBXProject;
			attributes = {
				LastUpgradeCheck = 1100;
				ORGANIZATIONNAME = jsdf;
				TargetAttributes = {
					73881963234D854C0057630E = {
						CreatedOnToolsVersion = 11.0;
					};
				};
			};
			buildConfigurationList = 7388195F234D854C0057630E /* Build configuration list for PBXProject "goose64glut" */;
			compatibilityVersion = "Xcode 9.3";
			developmentRegion = en;
			hasScannedForEncodings = 0;
			knownRegions = (
				en,
				Base,
			);
			mainGroup = 7388195B234D854C0057630E;
			productRefGroup = 73881965234D854C0057630E /* Products */;
			projectDirPath = "";
			projectRoot = "";
			targets = (
				73881963234D854C0057630E /* goose64glut */,
			);
		};
/* End PBXProject section */

/* Begin PBXSourcesBuildPhase section */
		73881960234D854C0057630E /* Sources */ = {
			isa = PBXSourcesBuildPhase;
			buildActionMask = 2147483647;
			files = (
				733266C8235EAA7600907B30 /* glgoose.cpp in Sources */,
				733266E4235EAB8200907B30 /* vec3d.cpp in Sources */,
				733266EB235EAB8200907B30 /* input.cpp in Sources */,
				733266EA235EAB8200907B30 /* game.cpp in Sources */,
				73E1066A23B0146600DE8673 /* imgui_impl_glut.cpp in Sources */,
				73E1067023B014A600DE8673 /* imgui_draw.cpp in Sources */,
				73735E58235FE9C40048C9EC /* player.cpp in Sources */,
				733266E6235EAB8200907B30 /* gameobject.cpp in Sources */,
				732EC52A2412219800CCCA81 /* compat.cpp in Sources */,
				73D9004F2411DEFF00F96350 /* pathfinding.cpp in Sources */,
				73735E5A235FE9E80048C9EC /* gameutils.cpp in Sources */,
				733266F0235EC53400907B30 /* character.cpp in Sources */,
				73E1066B23B0146600DE8673 /* imgui.cpp in Sources */,
				732EC5322413783C00CCCA81 /* nodegraph.cpp in Sources */,
				733266E9235EAB8200907B30 /* renderer.cpp in Sources */,
				73E1066F23B014A600DE8673 /* imgui_widgets.cpp in Sources */,
				73E1066C23B0146600DE8673 /* imgui_impl_opengl2.cpp in Sources */,
				73735E5C235FEB930048C9EC /* modeltype.cpp in Sources */,
				73E90496238B326100CF5D2F /* animation.cpp in Sources */,
				733266E7235EAB8200907B30 /* objloader.cpp in Sources */,
				73735E5E23600F730048C9EC /* characterstate.cpp in Sources */,
				73E1067323B483A400DE8673 /* collision.cpp in Sources */,
				732EC52D2412275D00CCCA81 /* university_map_graph.cpp in Sources */,
				73735E6023600FD00048C9EC /* item.cpp in Sources */,
				732EC5372413798300CCCA81 /* pathfinding.cpp in Sources */,
				733266E8235EAB8200907B30 /* vec2d.cpp in Sources */,
				73E9049923944EE700CF5D2F /* rotation.cpp in Sources */,
				73D1784E23BF173800AC253C /* university_map_collision.cpp in Sources */,
				733266EC235EAB8200907B30 /* texture.cpp in Sources */,
				73A093502389088400C53E85 /* physics.cpp in Sources */,
			);
			runOnlyForDeploymentPostprocessing = 0;
		};
/* End PBXSourcesBuildPhase section */

/* Begin XCBuildConfiguration section */
		73881969234D854C0057630E /* Debug */ = {
			isa = XCBuildConfiguration;
			buildSettings = {
				ALWAYS_SEARCH_USER_PATHS = NO;
				CLANG_ANALYZER_NONNULL = YES;
				CLANG_ANALYZER_NUMBER_OBJECT_CONVERSION = YES_AGGRESSIVE;
				CLANG_CXX_LANGUAGE_STANDARD = "gnu++14";
				CLANG_CXX_LIBRARY = "libc++";
				CLANG_ENABLE_MODULES = YES;
				CLANG_ENABLE_OBJC_ARC = YES;
				CLANG_ENABLE_OBJC_WEAK = YES;
				CLANG_WARN_BLOCK_CAPTURE_AUTORELEASING = YES;
				CLANG_WARN_BOOL_CONVERSION = YES;
				CLANG_WARN_COMMA = YES;
				CLANG_WARN_CONSTANT_CONVERSION = YES;
				CLANG_WARN_DEPRECATED_OBJC_IMPLEMENTATIONS = YES;
				CLANG_WARN_DIRECT_OBJC_ISA_USAGE = YES_ERROR;
				CLANG_WARN_DOCUMENTATION_COMMENTS = YES;
				CLANG_WARN_EMPTY_BODY = YES;
				CLANG_WARN_ENUM_CONVERSION = YES;
				CLANG_WARN_INFINITE_RECURSION = YES;
				CLANG_WARN_INT_CONVERSION = YES;
				CLANG_WARN_NON_LITERAL_NULL_CONVERSION = YES;
				CLANG_WARN_OBJC_IMPLICIT_RETAIN_SELF = YES;
				CLANG_WARN_OBJC_LITERAL_CONVERSION = YES;
				CLANG_WARN_OBJC_ROOT_CLASS = YES_ERROR;
				CLANG_WARN_RANGE_LOOP_ANALYSIS = YES;
				CLANG_WARN_STRICT_PROTOTYPES = YES;
				CLANG_WARN_SUSPICIOUS_MOVE = YES;
				CLANG_WARN_UNGUARDED_AVAILABILITY = YES_AGGRESSIVE;
				CLANG_WARN_UNREACHABLE_CODE = YES;
				CLANG_WARN__DUPLICATE_METHOD_MATCH = YES;
				COPY_PHASE_STRIP = NO;
				DEBUG_INFORMATION_FORMAT = dwarf;
				ENABLE_STRICT_OBJC_MSGSEND = YES;
				ENABLE_TESTABILITY = YES;
				GCC_C_LANGUAGE_STANDARD = gnu11;
				GCC_DYNAMIC_NO_PIC = NO;
				GCC_NO_COMMON_BLOCKS = YES;
				GCC_OPTIMIZATION_LEVEL = 0;
				GCC_PREPROCESSOR_DEFINITIONS = (
					"DEBUG=1",
					"$(inherited)",
				);
				GCC_WARN_64_TO_32_BIT_CONVERSION = YES;
				GCC_WARN_ABOUT_RETURN_TYPE = YES_ERROR;
				GCC_WARN_UNDECLARED_SELECTOR = YES;
				GCC_WARN_UNINITIALIZED_AUTOS = YES_AGGRESSIVE;
				GCC_WARN_UNUSED_FUNCTION = YES;
				GCC_WARN_UNUSED_VARIABLE = YES;
				MACOSX_DEPLOYMENT_TARGET = 10.14;
				MTL_ENABLE_DEBUG_INFO = INCLUDE_SOURCE;
				MTL_FAST_MATH = YES;
				ONLY_ACTIVE_ARCH = YES;
				SDKROOT = macosx;
			};
			name = Debug;
		};
		7388196A234D854C0057630E /* Release */ = {
			isa = XCBuildConfiguration;
			buildSettings = {
				ALWAYS_SEARCH_USER_PATHS = NO;
				CLANG_ANALYZER_NONNULL = YES;
				CLANG_ANALYZER_NUMBER_OBJECT_CONVERSION = YES_AGGRESSIVE;
				CLANG_CXX_LANGUAGE_STANDARD = "gnu++14";
				CLANG_CXX_LIBRARY = "libc++";
				CLANG_ENABLE_MODULES = YES;
				CLANG_ENABLE_OBJC_ARC = YES;
				CLANG_ENABLE_OBJC_WEAK = YES;
				CLANG_WARN_BLOCK_CAPTURE_AUTORELEASING = YES;
				CLANG_WARN_BOOL_CONVERSION = YES;
				CLANG_WARN_COMMA = YES;
				CLANG_WARN_CONSTANT_CONVERSION = YES;
				CLANG_WARN_DEPRECATED_OBJC_IMPLEMENTATIONS = YES;
				CLANG_WARN_DIRECT_OBJC_ISA_USAGE = YES_ERROR;
				CLANG_WARN_DOCUMENTATION_COMMENTS = YES;
				CLANG_WARN_EMPTY_BODY = YES;
				CLANG_WARN_ENUM_CONVERSION = YES;
				CLANG_WARN_INFINITE_RECURSION = YES;
				CLANG_WARN_INT_CONVERSION = YES;
				CLANG_WARN_NON_LITERAL_NULL_CONVERSION = YES;
				CLANG_WARN_OBJC_IMPLICIT_RETAIN_SELF = YES;
				CLANG_WARN_OBJC_LITERAL_CONVERSION = YES;
				CLANG_WARN_OBJC_ROOT_CLASS = YES_ERROR;
				CLANG_WARN_RANGE_LOOP_ANALYSIS = YES;
				CLANG_WARN_STRICT_PROTOTYPES = YES;
				CLANG_WARN_SUSPICIOUS_MOVE = YES;
				CLANG_WARN_UNGUARDED_AVAILABILITY = YES_AGGRESSIVE;
				CLANG_WARN_UNREACHABLE_CODE = YES;
				CLANG_WARN__DUPLICATE_METHOD_MATCH = YES;
				COPY_PHASE_STRIP = NO;
				DEBUG_INFORMATION_FORMAT = "dwarf-with-dsym";
				ENABLE_NS_ASSERTIONS = NO;
				ENABLE_STRICT_OBJC_MSGSEND = YES;
				GCC_C_LANGUAGE_STANDARD = gnu11;
				GCC_NO_COMMON_BLOCKS = YES;
				GCC_WARN_64_TO_32_BIT_CONVERSION = YES;
				GCC_WARN_ABOUT_RETURN_TYPE = YES_ERROR;
				GCC_WARN_UNDECLARED_SELECTOR = YES;
				GCC_WARN_UNINITIALIZED_AUTOS = YES_AGGRESSIVE;
				GCC_WARN_UNUSED_FUNCTION = YES;
				GCC_WARN_UNUSED_VARIABLE = YES;
				MACOSX_DEPLOYMENT_TARGET = 10.14;
				MTL_ENABLE_DEBUG_INFO = NO;
				MTL_FAST_MATH = YES;
				SDKROOT = macosx;
			};
			name = Release;
		};
		7388196C234D854C0057630E /* Debug */ = {
			isa = XCBuildConfiguration;
			buildSettings = {
				ALWAYS_SEARCH_USER_PATHS = YES;
				CODE_SIGN_STYLE = Automatic;
				FRAMEWORK_SEARCH_PATHS = (
					"$(inherited)",
					"$(LOCAL_LIBRARY_DIR)/Frameworks",
				);
				HEADER_SEARCH_PATHS = /usr/local/include;
				LIBRARY_SEARCH_PATHS = /usr/local/lib;
				PRODUCT_NAME = "$(TARGET_NAME)";
				WARNING_CFLAGS = (
					"-Wno-missing-braces",
					"-Wno-deprecated-declarations",
					"-Wno-comment",
					"-Wno-constant-conversion",
				);
			};
			name = Debug;
		};
		7388196D234D854C0057630E /* Release */ = {
			isa = XCBuildConfiguration;
			buildSettings = {
				ALWAYS_SEARCH_USER_PATHS = YES;
				CODE_SIGN_STYLE = Automatic;
				FRAMEWORK_SEARCH_PATHS = (
					"$(inherited)",
					"$(LOCAL_LIBRARY_DIR)/Frameworks",
				);
				HEADER_SEARCH_PATHS = /usr/local/include;
				LIBRARY_SEARCH_PATHS = /usr/local/lib;
				PRODUCT_NAME = "$(TARGET_NAME)";
				WARNING_CFLAGS = (
					"-Wno-missing-braces",
					"-Wno-deprecated-declarations",
					"-Wno-comment",
					"-Wno-constant-conversion",
				);
			};
			name = Release;
		};
/* End XCBuildConfiguration section */

/* Begin XCConfigurationList section */
		7388195F234D854C0057630E /* Build configuration list for PBXProject "goose64glut" */ = {
			isa = XCConfigurationList;
			buildConfigurations = (
				73881969234D854C0057630E /* Debug */,
				7388196A234D854C0057630E /* Release */,
			);
			defaultConfigurationIsVisible = 0;
			defaultConfigurationName = Release;
		};
		7388196B234D854C0057630E /* Build configuration list for PBXNativeTarget "goose64glut" */ = {
			isa = XCConfigurationList;
			buildConfigurations = (
				7388196C234D854C0057630E /* Debug */,
				7388196D234D854C0057630E /* Release */,
			);
			defaultConfigurationIsVisible = 0;
			defaultConfigurationName = Release;
		};
/* End XCConfigurationList section */
	};
	rootObject = 7388195C234D854C0057630E /* Project object */;
}
