// !$*UTF8*$!
{
	archiveVersion = 1;
	classes = {
	};
	objectVersion = 50;
	objects = {

/* Begin PBXBuildFile section */
		734E1B08234D85AA00FBF3CC /* vec3d.c in Sources */ = {isa = PBXBuildFile; fileRef = 734E1B02234D85AA00FBF3CC /* vec3d.c */; };
		734E1B09234D85AA00FBF3CC /* game.c in Sources */ = {isa = PBXBuildFile; fileRef = 734E1B04234D85AA00FBF3CC /* game.c */; };
		734E1B0A234D85AA00FBF3CC /* gameobject.c in Sources */ = {isa = PBXBuildFile; fileRef = 734E1B07234D85AA00FBF3CC /* gameobject.c */; };
		734E1B0C235546D000FBF3CC /* glgoose.c in Sources */ = {isa = PBXBuildFile; fileRef = 734E1B0B235546D000FBF3CC /* glgoose.c */; };
/* End PBXBuildFile section */

/* Begin PBXCopyFilesBuildPhase section */
		73881962234D854C0057630E /* CopyFiles */ = {
			isa = PBXCopyFilesBuildPhase;
			buildActionMask = 2147483647;
			dstPath = /usr/share/man/man1/;
			dstSubfolderSpec = 0;
			files = (
			);
			runOnlyForDeploymentPostprocessing = 1;
		};
/* End PBXCopyFilesBuildPhase section */

/* Begin PBXFileReference section */
		734E1B02234D85AA00FBF3CC /* vec3d.c */ = {isa = PBXFileReference; fileEncoding = 4; lastKnownFileType = sourcecode.c.c; name = vec3d.c; path = ../../vec3d.c; sourceTree = "<group>"; };
		734E1B03234D85AA00FBF3CC /* gameobject.h */ = {isa = PBXFileReference; fileEncoding = 4; lastKnownFileType = sourcecode.c.h; name = gameobject.h; path = ../../gameobject.h; sourceTree = "<group>"; };
		734E1B04234D85AA00FBF3CC /* game.c */ = {isa = PBXFileReference; fileEncoding = 4; lastKnownFileType = sourcecode.c.c; name = game.c; path = ../../game.c; sourceTree = "<group>"; };
		734E1B05234D85AA00FBF3CC /* game.h */ = {isa = PBXFileReference; fileEncoding = 4; lastKnownFileType = sourcecode.c.h; name = game.h; path = ../../game.h; sourceTree = "<group>"; };
		734E1B06234D85AA00FBF3CC /* vec3d.h */ = {isa = PBXFileReference; fileEncoding = 4; lastKnownFileType = sourcecode.c.h; name = vec3d.h; path = ../../vec3d.h; sourceTree = "<group>"; };
		734E1B07234D85AA00FBF3CC /* gameobject.c */ = {isa = PBXFileReference; fileEncoding = 4; lastKnownFileType = sourcecode.c.c; name = gameobject.c; path = ../../gameobject.c; sourceTree = "<group>"; };
		734E1B0B235546D000FBF3CC /* glgoose.c */ = {isa = PBXFileReference; fileEncoding = 4; lastKnownFileType = sourcecode.c.c; name = glgoose.c; path = ../../glgoose.c; sourceTree = "<group>"; };
		73881964234D854C0057630E /* goose64glut */ = {isa = PBXFileReference; explicitFileType = "compiled.mach-o.executable"; includeInIndex = 0; path = goose64glut; sourceTree = BUILT_PRODUCTS_DIR; };
/* End PBXFileReference section */

/* Begin PBXFrameworksBuildPhase section */
		73881961234D854C0057630E /* Frameworks */ = {
			isa = PBXFrameworksBuildPhase;
			buildActionMask = 2147483647;
			files = (
			);
			runOnlyForDeploymentPostprocessing = 0;
		};
/* End PBXFrameworksBuildPhase section */

/* Begin PBXGroup section */
		7388195B234D854C0057630E = {
			isa = PBXGroup;
			children = (
				73881966234D854C0057630E /* goose64glut */,
				73881965234D854C0057630E /* Products */,
			);
			sourceTree = "<group>";
		};
		73881965234D854C0057630E /* Products */ = {
			isa = PBXGroup;
			children = (
				73881964234D854C0057630E /* goose64glut */,
			);
			name = Products;
			sourceTree = "<group>";
		};
		73881966234D854C0057630E /* goose64glut */ = {
			isa = PBXGroup;
			children = (
				734E1B04234D85AA00FBF3CC /* game.c */,
				734E1B05234D85AA00FBF3CC /* game.h */,
				734E1B07234D85AA00FBF3CC /* gameobject.c */,
				734E1B0B235546D000FBF3CC /* glgoose.c */,
				734E1B03234D85AA00FBF3CC /* gameobject.h */,
				734E1B02234D85AA00FBF3CC /* vec3d.c */,
				734E1B06234D85AA00FBF3CC /* vec3d.h */,
			);
			path = goose64glut;
			sourceTree = "<group>";
		};
/* End PBXGroup section */

/* Begin PBXNativeTarget section */
		73881963234D854C0057630E /* goose64glut */ = {
			isa = PBXNativeTarget;
			buildConfigurationList = 7388196B234D854C0057630E /* Build configuration list for PBXNativeTarget "goose64glut" */;
			buildPhases = (
				73881960234D854C0057630E /* Sources */,
				73881961234D854C0057630E /* Frameworks */,
				73881962234D854C0057630E /* CopyFiles */,
			);
			buildRules = (
			);
			dependencies = (
			);
			name = goose64glut;
			productName = goose64glut;
			productReference = 73881964234D854C0057630E /* goose64glut */;
			productType = "com.apple.product-type.tool";
		};
/* End PBXNativeTarget section */

/* Begin PBXProject section */
		7388195C234D854C0057630E /* Project object */ = {
			isa = PBXProject;
			attributes = {
				LastUpgradeCheck = 1100;
				ORGANIZATIONNAME = jsdf;
				TargetAttributes = {
					73881963234D854C0057630E = {
						CreatedOnToolsVersion = 11.0;
					};
				};
			};
			buildConfigurationList = 7388195F234D854C0057630E /* Build configuration list for PBXProject "goose64glut" */;
			compatibilityVersion = "Xcode 9.3";
			developmentRegion = en;
			hasScannedForEncodings = 0;
			knownRegions = (
				en,
				Base,
			);
			mainGroup = 7388195B234D854C0057630E;
			productRefGroup = 73881965234D854C0057630E /* Products */;
			projectDirPath = "";
			projectRoot = "";
			targets = (
				73881963234D854C0057630E /* goose64glut */,
			);
		};
/* End PBXProject section */

/* Begin PBXSourcesBuildPhase section */
		73881960234D854C0057630E /* Sources */ = {
			isa = PBXSourcesBuildPhase;
			buildActionMask = 2147483647;
			files = (
				734E1B09234D85AA00FBF3CC /* game.c in Sources */,
				734E1B0A234D85AA00FBF3CC /* gameobject.c in Sources */,
				734E1B0C235546D000FBF3CC /* glgoose.c in Sources */,
				734E1B08234D85AA00FBF3CC /* vec3d.c in Sources */,
			);
			runOnlyForDeploymentPostprocessing = 0;
		};
/* End PBXSourcesBuildPhase section */

/* Begin XCBuildConfiguration section */
		73881969234D854C0057630E /* Debug */ = {
			isa = XCBuildConfiguration;
			buildSettings = {
				ALWAYS_SEARCH_USER_PATHS = NO;
				CLANG_ANALYZER_NONNULL = YES;
				CLANG_ANALYZER_NUMBER_OBJECT_CONVERSION = YES_AGGRESSIVE;
				CLANG_CXX_LANGUAGE_STANDARD = "gnu++14";
				CLANG_CXX_LIBRARY = "libc++";
				CLANG_ENABLE_MODULES = YES;
				CLANG_ENABLE_OBJC_ARC = YES;
				CLANG_ENABLE_OBJC_WEAK = YES;
				CLANG_WARN_BLOCK_CAPTURE_AUTORELEASING = YES;
				CLANG_WARN_BOOL_CONVERSION = YES;
				CLANG_WARN_COMMA = YES;
				CLANG_WARN_CONSTANT_CONVERSION = YES;
				CLANG_WARN_DEPRECATED_OBJC_IMPLEMENTATIONS = YES;
				CLANG_WARN_DIRECT_OBJC_ISA_USAGE = YES_ERROR;
				CLANG_WARN_DOCUMENTATION_COMMENTS = YES;
				CLANG_WARN_EMPTY_BODY = YES;
				CLANG_WARN_ENUM_CONVERSION = YES;
				CLANG_WARN_INFINITE_RECURSION = YES;
				CLANG_WARN_INT_CONVERSION = YES;
				CLANG_WARN_NON_LITERAL_NULL_CONVERSION = YES;
				CLANG_WARN_OBJC_IMPLICIT_RETAIN_SELF = YES;
				CLANG_WARN_OBJC_LITERAL_CONVERSION = YES;
				CLANG_WARN_OBJC_ROOT_CLASS = YES_ERROR;
				CLANG_WARN_RANGE_LOOP_ANALYSIS = YES;
				CLANG_WARN_STRICT_PROTOTYPES = YES;
				CLANG_WARN_SUSPICIOUS_MOVE = YES;
				CLANG_WARN_UNGUARDED_AVAILABILITY = YES_AGGRESSIVE;
				CLANG_WARN_UNREACHABLE_CODE = YES;
				CLANG_WARN__DUPLICATE_METHOD_MATCH = YES;
				COPY_PHASE_STRIP = NO;
				DEBUG_INFORMATION_FORMAT = dwarf;
				ENABLE_STRICT_OBJC_MSGSEND = YES;
				ENABLE_TESTABILITY = YES;
				GCC_C_LANGUAGE_STANDARD = gnu11;
				GCC_DYNAMIC_NO_PIC = NO;
				GCC_NO_COMMON_BLOCKS = YES;
				GCC_OPTIMIZATION_LEVEL = 0;
				GCC_PREPROCESSOR_DEFINITIONS = (
					"DEBUG=1",
					"$(inherited)",
				);
				GCC_WARN_64_TO_32_BIT_CONVERSION = YES;
				GCC_WARN_ABOUT_RETURN_TYPE = YES_ERROR;
				GCC_WARN_UNDECLARED_SELECTOR = YES;
				GCC_WARN_UNINITIALIZED_AUTOS = YES_AGGRESSIVE;
				GCC_WARN_UNUSED_FUNCTION = YES;
				GCC_WARN_UNUSED_VARIABLE = YES;
				MACOSX_DEPLOYMENT_TARGET = 10.14;
				MTL_ENABLE_DEBUG_INFO = INCLUDE_SOURCE;
				MTL_FAST_MATH = YES;
				ONLY_ACTIVE_ARCH = YES;
				SDKROOT = macosx;
			};
			name = Debug;
		};
		7388196A234D854C0057630E /* Release */ = {
			isa = XCBuildConfiguration;
			buildSettings = {
				ALWAYS_SEARCH_USER_PATHS = NO;
				CLANG_ANALYZER_NONNULL = YES;
				CLANG_ANALYZER_NUMBER_OBJECT_CONVERSION = YES_AGGRESSIVE;
				CLANG_CXX_LANGUAGE_STANDARD = "gnu++14";
				CLANG_CXX_LIBRARY = "libc++";
				CLANG_ENABLE_MODULES = YES;
				CLANG_ENABLE_OBJC_ARC = YES;
				CLANG_ENABLE_OBJC_WEAK = YES;
				CLANG_WARN_BLOCK_CAPTURE_AUTORELEASING = YES;
				CLANG_WARN_BOOL_CONVERSION = YES;
				CLANG_WARN_COMMA = YES;
				CLANG_WARN_CONSTANT_CONVERSION = YES;
				CLANG_WARN_DEPRECATED_OBJC_IMPLEMENTATIONS = YES;
				CLANG_WARN_DIRECT_OBJC_ISA_USAGE = YES_ERROR;
				CLANG_WARN_DOCUMENTATION_COMMENTS = YES;
				CLANG_WARN_EMPTY_BODY = YES;
				CLANG_WARN_ENUM_CONVERSION = YES;
				CLANG_WARN_INFINITE_RECURSION = YES;
				CLANG_WARN_INT_CONVERSION = YES;
				CLANG_WARN_NON_LITERAL_NULL_CONVERSION = YES;
				CLANG_WARN_OBJC_IMPLICIT_RETAIN_SELF = YES;
				CLANG_WARN_OBJC_LITERAL_CONVERSION = YES;
				CLANG_WARN_OBJC_ROOT_CLASS = YES_ERROR;
				CLANG_WARN_RANGE_LOOP_ANALYSIS = YES;
				CLANG_WARN_STRICT_PROTOTYPES = YES;
				CLANG_WARN_SUSPICIOUS_MOVE = YES;
				CLANG_WARN_UNGUARDED_AVAILABILITY = YES_AGGRESSIVE;
				CLANG_WARN_UNREACHABLE_CODE = YES;
				CLANG_WARN__DUPLICATE_METHOD_MATCH = YES;
				COPY_PHASE_STRIP = NO;
				DEBUG_INFORMATION_FORMAT = "dwarf-with-dsym";
				ENABLE_NS_ASSERTIONS = NO;
				ENABLE_STRICT_OBJC_MSGSEND = YES;
				GCC_C_LANGUAGE_STANDARD = gnu11;
				GCC_NO_COMMON_BLOCKS = YES;
				GCC_WARN_64_TO_32_BIT_CONVERSION = YES;
				GCC_WARN_ABOUT_RETURN_TYPE = YES_ERROR;
				GCC_WARN_UNDECLARED_SELECTOR = YES;
				GCC_WARN_UNINITIALIZED_AUTOS = YES_AGGRESSIVE;
				GCC_WARN_UNUSED_FUNCTION = YES;
				GCC_WARN_UNUSED_VARIABLE = YES;
				MACOSX_DEPLOYMENT_TARGET = 10.14;
				MTL_ENABLE_DEBUG_INFO = NO;
				MTL_FAST_MATH = YES;
				SDKROOT = macosx;
			};
			name = Release;
		};
		7388196C234D854C0057630E /* Debug */ = {
			isa = XCBuildConfiguration;
			buildSettings = {
				CODE_SIGN_STYLE = Automatic;
				PRODUCT_NAME = "$(TARGET_NAME)";
			};
			name = Debug;
		};
		7388196D234D854C0057630E /* Release */ = {
			isa = XCBuildConfiguration;
			buildSettings = {
				CODE_SIGN_STYLE = Automatic;
				PRODUCT_NAME = "$(TARGET_NAME)";
			};
			name = Release;
		};
/* End XCBuildConfiguration section */

/* Begin XCConfigurationList section */
		7388195F234D854C0057630E /* Build configuration list for PBXProject "goose64glut" */ = {
			isa = XCConfigurationList;
			buildConfigurations = (
				73881969234D854C0057630E /* Debug */,
				7388196A234D854C0057630E /* Release */,
			);
			defaultConfigurationIsVisible = 0;
			defaultConfigurationName = Release;
		};
		7388196B234D854C0057630E /* Build configuration list for PBXNativeTarget "goose64glut" */ = {
			isa = XCConfigurationList;
			buildConfigurations = (
				7388196C234D854C0057630E /* Debug */,
				7388196D234D854C0057630E /* Release */,
			);
			defaultConfigurationIsVisible = 0;
			defaultConfigurationName = Release;
		};
/* End XCConfigurationList section */
	};
	rootObject = 7388195C234D854C0057630E /* Project object */;
}
