// !$*UTF8*$!
{
	archiveVersion = 1;
	classes = {
	};
	objectVersion = 50;
	objects = {

/* Begin PBXBuildFile section */
		732EC5322413783C00CCCA81 /* nodegraph.cpp in Sources */ = {isa = PBXBuildFile; fileRef = 732EC5312413783C00CCCA81 /* nodegraph.cpp */; };
		733266C8235EAA7600907B30 /* glgoose.cpp in Sources */ = {isa = PBXBuildFile; fileRef = 733266C7235EAA7600907B30 /* glgoose.cpp */; };
		733266E7235EAB8200907B30 /* objloader.cpp in Sources */ = {isa = PBXBuildFile; fileRef = 733266D9235EAB8100907B30 /* objloader.cpp */; };
		733266EC235EAB8200907B30 /* texture.cpp in Sources */ = {isa = PBXBuildFile; fileRef = 733266E3235EAB8200907B30 /* texture.cpp */; };
		734E1B1223556A8300FBF3CC /* OpenGL.framework in Frameworks */ = {isa = PBXBuildFile; fileRef = 734E1B1123556A8300FBF3CC /* OpenGL.framework */; };
		734E1B1423556A8800FBF3CC /* GLUT.framework in Frameworks */ = {isa = PBXBuildFile; fileRef = 734E1B1323556A8800FBF3CC /* GLUT.framework */; };
		73E1066A23B0146600DE8673 /* imgui_impl_glut.cpp in Sources */ = {isa = PBXBuildFile; fileRef = 73E1066623B0146600DE8673 /* imgui_impl_glut.cpp */; };
		73E1066B23B0146600DE8673 /* imgui.cpp in Sources */ = {isa = PBXBuildFile; fileRef = 73E1066723B0146600DE8673 /* imgui.cpp */; };
		73E1066C23B0146600DE8673 /* imgui_impl_opengl2.cpp in Sources */ = {isa = PBXBuildFile; fileRef = 73E1066923B0146600DE8673 /* imgui_impl_opengl2.cpp */; };
		73E1066F23B014A600DE8673 /* imgui_widgets.cpp in Sources */ = {isa = PBXBuildFile; fileRef = 73E1066D23B014A600DE8673 /* imgui_widgets.cpp */; };
		73E1067023B014A600DE8673 /* imgui_draw.cpp in Sources */ = {isa = PBXBuildFile; fileRef = 73E1066E23B014A600DE8673 /* imgui_draw.cpp */; };
		73F13D1424452D7300BEC5D0 /* item.c in Sources */ = {isa = PBXBuildFile; fileRef = 73F13D1324452D7300BEC5D0 /* item.c */; };
		73F13D3824452F1500BEC5D0 /* gameobject.c in Sources */ = {isa = PBXBuildFile; fileRef = 73F13D1724452F1100BEC5D0 /* gameobject.c */; };
		73F13D3924452F1500BEC5D0 /* modeltype.c in Sources */ = {isa = PBXBuildFile; fileRef = 73F13D1824452F1200BEC5D0 /* modeltype.c */; };
		73F13D3A24452F1500BEC5D0 /* trace.c in Sources */ = {isa = PBXBuildFile; fileRef = 73F13D1924452F1200BEC5D0 /* trace.c */; };
		73F13D3C24452F1500BEC5D0 /* item.c in Sources */ = {isa = PBXBuildFile; fileRef = 73F13D1B24452F1200BEC5D0 /* item.c */; };
		73F13D3E24452F1500BEC5D0 /* pathfinding.c in Sources */ = {isa = PBXBuildFile; fileRef = 73F13D1D24452F1200BEC5D0 /* pathfinding.c */; };
		73F13D4024452F1500BEC5D0 /* character.c in Sources */ = {isa = PBXBuildFile; fileRef = 73F13D1F24452F1200BEC5D0 /* character.c */; };
		73F13D4124452F1500BEC5D0 /* sprite.c in Sources */ = {isa = PBXBuildFile; fileRef = 73F13D2024452F1200BEC5D0 /* sprite.c */; };
		73F13D4224452F1500BEC5D0 /* vec2d.c in Sources */ = {isa = PBXBuildFile; fileRef = 73F13D2124452F1200BEC5D0 /* vec2d.c */; };
		73F13D4424452F1500BEC5D0 /* renderer.c in Sources */ = {isa = PBXBuildFile; fileRef = 73F13D2324452F1300BEC5D0 /* renderer.c */; };
		73F13D4524452F1500BEC5D0 /* game.c in Sources */ = {isa = PBXBuildFile; fileRef = 73F13D2424452F1300BEC5D0 /* game.c */; };
		73F13D4624452F1500BEC5D0 /* animation.c in Sources */ = {isa = PBXBuildFile; fileRef = 73F13D2524452F1300BEC5D0 /* animation.c */; };
		73F13D4724452F1500BEC5D0 /* university_map_graph.c in Sources */ = {isa = PBXBuildFile; fileRef = 73F13D2624452F1300BEC5D0 /* university_map_graph.c */; };
		73F13D4824452F1500BEC5D0 /* gameutils.c in Sources */ = {isa = PBXBuildFile; fileRef = 73F13D2724452F1300BEC5D0 /* gameutils.c */; };
		73F13D4A24452F1500BEC5D0 /* physics.c in Sources */ = {isa = PBXBuildFile; fileRef = 73F13D2924452F1300BEC5D0 /* physics.c */; };
		73F13D4C24452F1500BEC5D0 /* compat.c in Sources */ = {isa = PBXBuildFile; fileRef = 73F13D2B24452F1300BEC5D0 /* compat.c */; };
		73F13D4D24452F1500BEC5D0 /* rotation.c in Sources */ = {isa = PBXBuildFile; fileRef = 73F13D2C24452F1300BEC5D0 /* rotation.c */; };
		73F13D4E24452F1500BEC5D0 /* university_map_collision.c in Sources */ = {isa = PBXBuildFile; fileRef = 73F13D2D24452F1400BEC5D0 /* university_map_collision.c */; };
		73F13D5024452F1500BEC5D0 /* vec3d.c in Sources */ = {isa = PBXBuildFile; fileRef = 73F13D2F24452F1400BEC5D0 /* vec3d.c */; };
		73F13D5324452F1500BEC5D0 /* frustum.c in Sources */ = {isa = PBXBuildFile; fileRef = 73F13D3224452F1400BEC5D0 /* frustum.c */; };
		73F13D5424452F1500BEC5D0 /* characterstate.c in Sources */ = {isa = PBXBuildFile; fileRef = 73F13D3324452F1400BEC5D0 /* characterstate.c */; };
		73F13D5624452F1500BEC5D0 /* input.c in Sources */ = {isa = PBXBuildFile; fileRef = 73F13D3524452F1400BEC5D0 /* input.c */; };
		73F13D5724452F1500BEC5D0 /* collision.c in Sources */ = {isa = PBXBuildFile; fileRef = 73F13D3624452F1400BEC5D0 /* collision.c */; };
		73F13D5824452F1500BEC5D0 /* player.c in Sources */ = {isa = PBXBuildFile; fileRef = 73F13D3724452F1500BEC5D0 /* player.c */; };
/* End PBXBuildFile section */

/* Begin PBXBuildRule section */
		73E55093244531190040E450 /* PBXBuildRule */ = {
			isa = PBXBuildRule;
			compilerSpec = com.apple.compilers.proxy.script;
			fileType = sourcecode.c;
			inputFiles = (
			);
			isEditable = 1;
			outputFiles = (
			);
			script = "# <com.apple.compilers.gcc>\n";
		};
/* End PBXBuildRule section */

/* Begin PBXCopyFilesBuildPhase section */
		73881962234D854C0057630E /* Copy Files */ = {
			isa = PBXCopyFilesBuildPhase;
			buildActionMask = 2147483647;
			dstPath = /usr/share/man/man1/;
			dstSubfolderSpec = 0;
			files = (
			);
			name = "Copy Files";
			runOnlyForDeploymentPostprocessing = 1;
		};
/* End PBXCopyFilesBuildPhase section */

/* Begin PBXFileReference section */
		7300A9AA23A9F79C00CD6A5B /* characteranimtypes.h */ = {isa = PBXFileReference; explicitFileType = sourcecode.cpp.h; name = characteranimtypes.h; path = ../characteranimtypes.h; sourceTree = "<group>"; };
		7300A9AB23A9F7A900CD6A5B /* character_anim.h */ = {isa = PBXFileReference; explicitFileType = sourcecode.cpp.h; name = character_anim.h; path = ../character_anim.h; sourceTree = "<group>"; };
		732EC5292412219800CCCA81 /* compat.h */ = {isa = PBXFileReference; explicitFileType = sourcecode.cpp.h; fileEncoding = 4; name = compat.h; path = ../compat.h; sourceTree = "<group>"; };
		732EC52C2412275D00CCCA81 /* university_map_graph.h */ = {isa = PBXFileReference; explicitFileType = sourcecode.cpp.h; fileEncoding = 4; name = university_map_graph.h; path = ../university_map_graph.h; sourceTree = "<group>"; };
		732EC5302413783C00CCCA81 /* nodegraph.hpp */ = {isa = PBXFileReference; fileEncoding = 4; lastKnownFileType = sourcecode.cpp.h; path = nodegraph.hpp; sourceTree = "<group>"; };
		732EC5312413783C00CCCA81 /* nodegraph.cpp */ = {isa = PBXFileReference; fileEncoding = 4; lastKnownFileType = sourcecode.cpp.cpp; path = nodegraph.cpp; sourceTree = "<group>"; };
		732EC533241378E400CCCA81 /* pathfinding.h */ = {isa = PBXFileReference; explicitFileType = sourcecode.cpp.h; fileEncoding = 4; name = pathfinding.h; path = ../pathfinding.h; sourceTree = "<group>"; };
		733266BE235CFB2C00907B30 /* renderer.h */ = {isa = PBXFileReference; explicitFileType = sourcecode.cpp.h; fileEncoding = 4; name = renderer.h; path = ../renderer.h; sourceTree = "<group>"; };
		733266C7235EAA7600907B30 /* glgoose.cpp */ = {isa = PBXFileReference; fileEncoding = 4; lastKnownFileType = sourcecode.cpp.cpp; name = glgoose.cpp; path = ../glgoose.cpp; sourceTree = "<group>"; };
		733266D6235EAB8100907B30 /* renderer.c */ = {isa = PBXFileReference; explicitFileType = sourcecode.cpp.cpp; fileEncoding = 4; name = renderer.c; path = ../renderer.c; sourceTree = "<group>"; };
		733266D8235EAB8100907B30 /* vec3d.h */ = {isa = PBXFileReference; explicitFileType = sourcecode.cpp.h; fileEncoding = 4; name = vec3d.h; path = ../vec3d.h; sourceTree = "<group>"; };
		733266D9235EAB8100907B30 /* objloader.cpp */ = {isa = PBXFileReference; fileEncoding = 4; lastKnownFileType = sourcecode.cpp.cpp; name = objloader.cpp; path = ../gl/objloader.cpp; sourceTree = "<group>"; };
		733266DB235EAB8100907B30 /* input.h */ = {isa = PBXFileReference; explicitFileType = sourcecode.cpp.h; fileEncoding = 4; name = input.h; path = ../input.h; sourceTree = "<group>"; };
		733266DC235EAB8100907B30 /* vec2d.h */ = {isa = PBXFileReference; explicitFileType = sourcecode.cpp.h; fileEncoding = 4; name = vec2d.h; path = ../vec2d.h; sourceTree = "<group>"; };
		733266DD235EAB8100907B30 /* texture.hpp */ = {isa = PBXFileReference; explicitFileType = sourcecode.cpp.h; fileEncoding = 4; name = texture.hpp; path = ../gl/texture.hpp; sourceTree = "<group>"; };
		733266E0235EAB8100907B30 /* objloader.hpp */ = {isa = PBXFileReference; explicitFileType = sourcecode.cpp.h; fileEncoding = 4; name = objloader.hpp; path = ../gl/objloader.hpp; sourceTree = "<group>"; };
		733266E3235EAB8200907B30 /* texture.cpp */ = {isa = PBXFileReference; fileEncoding = 4; lastKnownFileType = sourcecode.cpp.cpp; name = texture.cpp; path = ../gl/texture.cpp; sourceTree = "<group>"; };
		733266ED235EAD0B00907B30 /* game.h */ = {isa = PBXFileReference; explicitFileType = sourcecode.cpp.h; fileEncoding = 4; name = game.h; path = ../game.h; sourceTree = "<group>"; };
		733266EE235EC53400907B30 /* character.h */ = {isa = PBXFileReference; explicitFileType = sourcecode.cpp.h; fileEncoding = 4; name = character.h; path = ../character.h; sourceTree = "<group>"; };
		734E1B1123556A8300FBF3CC /* OpenGL.framework */ = {isa = PBXFileReference; lastKnownFileType = wrapper.framework; name = OpenGL.framework; path = System/Library/Frameworks/OpenGL.framework; sourceTree = SDKROOT; };
		734E1B1323556A8800FBF3CC /* GLUT.framework */ = {isa = PBXFileReference; lastKnownFileType = wrapper.framework; name = GLUT.framework; path = System/Library/Frameworks/GLUT.framework; sourceTree = SDKROOT; };
		734E1B2223556F4A00FBF3CC /* gameobject.h */ = {isa = PBXFileReference; explicitFileType = sourcecode.cpp.h; fileEncoding = 4; name = gameobject.h; path = ../gameobject.h; sourceTree = "<group>"; };
		73735E6123600FF10048C9EC /* item.h */ = {isa = PBXFileReference; explicitFileType = sourcecode.cpp.h; name = item.h; path = ../item.h; sourceTree = "<group>"; };
		73881964234D854C0057630E /* goose64glut */ = {isa = PBXFileReference; explicitFileType = "compiled.mach-o.executable"; includeInIndex = 0; path = goose64glut; sourceTree = BUILT_PRODUCTS_DIR; };
		73996977242497AC00E671B5 /* frustum.h */ = {isa = PBXFileReference; explicitFileType = sourcecode.cpp.h; fileEncoding = 4; name = frustum.h; path = ../frustum.h; sourceTree = "<group>"; };
		73A0934F2389088400C53E85 /* physics.h */ = {isa = PBXFileReference; explicitFileType = sourcecode.cpp.h; fileEncoding = 4; name = physics.h; path = ../physics.h; sourceTree = "<group>"; };
		73A2C3C42362720B0036BCCB /* SDL2.framework */ = {isa = PBXFileReference; lastKnownFileType = wrapper.framework; name = SDL2.framework; path = ../../../../../../../../../../Library/Frameworks/SDL2.framework; sourceTree = "<group>"; };
		73A6BA10241F37B100C67C12 /* trace.h */ = {isa = PBXFileReference; explicitFileType = sourcecode.cpp.h; fileEncoding = 4; name = trace.h; path = ../trace.h; sourceTree = "<group>"; };
		73E1066423B0146500DE8673 /* imgui_impl_glut.h */ = {isa = PBXFileReference; fileEncoding = 4; lastKnownFileType = sourcecode.c.h; name = imgui_impl_glut.h; path = ../imgui/examples/imgui_impl_glut.h; sourceTree = "<group>"; };
		73E1066523B0146500DE8673 /* imgui.h */ = {isa = PBXFileReference; fileEncoding = 4; lastKnownFileType = sourcecode.c.h; name = imgui.h; path = ../imgui/imgui.h; sourceTree = "<group>"; };
		73E1066623B0146600DE8673 /* imgui_impl_glut.cpp */ = {isa = PBXFileReference; fileEncoding = 4; lastKnownFileType = sourcecode.cpp.cpp; name = imgui_impl_glut.cpp; path = ../imgui/examples/imgui_impl_glut.cpp; sourceTree = "<group>"; };
		73E1066723B0146600DE8673 /* imgui.cpp */ = {isa = PBXFileReference; fileEncoding = 4; lastKnownFileType = sourcecode.cpp.cpp; name = imgui.cpp; path = ../imgui/imgui.cpp; sourceTree = "<group>"; };
		73E1066823B0146600DE8673 /* imgui_impl_opengl2.h */ = {isa = PBXFileReference; fileEncoding = 4; lastKnownFileType = sourcecode.c.h; name = imgui_impl_opengl2.h; path = ../imgui/examples/imgui_impl_opengl2.h; sourceTree = "<group>"; };
		73E1066923B0146600DE8673 /* imgui_impl_opengl2.cpp */ = {isa = PBXFileReference; fileEncoding = 4; lastKnownFileType = sourcecode.cpp.cpp; name = imgui_impl_opengl2.cpp; path = ../imgui/examples/imgui_impl_opengl2.cpp; sourceTree = "<group>"; };
		73E1066D23B014A600DE8673 /* imgui_widgets.cpp */ = {isa = PBXFileReference; fileEncoding = 4; lastKnownFileType = sourcecode.cpp.cpp; name = imgui_widgets.cpp; path = ../imgui/imgui_widgets.cpp; sourceTree = "<group>"; };
		73E1066E23B014A600DE8673 /* imgui_draw.cpp */ = {isa = PBXFileReference; fileEncoding = 4; lastKnownFileType = sourcecode.cpp.cpp; name = imgui_draw.cpp; path = ../imgui/imgui_draw.cpp; sourceTree = "<group>"; };
		73E1067223B483A400DE8673 /* collision.h */ = {isa = PBXFileReference; explicitFileType = sourcecode.cpp.h; fileEncoding = 4; name = collision.h; path = ../collision.h; sourceTree = "<group>"; };
		73E90495238B326100CF5D2F /* animation.h */ = {isa = PBXFileReference; explicitFileType = sourcecode.cpp.h; fileEncoding = 4; name = animation.h; path = ../animation.h; sourceTree = "<group>"; };
		73E9049723944EE600CF5D2F /* rotation.h */ = {isa = PBXFileReference; explicitFileType = sourcecode.cpp.h; fileEncoding = 4; name = rotation.h; path = ../rotation.h; sourceTree = "<group>"; };
		73F13D1324452D7300BEC5D0 /* item.c */ = {isa = PBXFileReference; explicitFileType = sourcecode.cpp.cpp; fileEncoding = 4; name = item.c; path = ../item.c; sourceTree = "<group>"; };
		73F13D1724452F1100BEC5D0 /* gameobject.c */ = {isa = PBXFileReference; explicitFileType = sourcecode.cpp.cpp; fileEncoding = 4; name = gameobject.c; path = ../gameobject.c; sourceTree = "<group>"; };
		73F13D1824452F1200BEC5D0 /* modeltype.c */ = {isa = PBXFileReference; explicitFileType = sourcecode.cpp.cpp; fileEncoding = 4; name = modeltype.c; path = ../modeltype.c; sourceTree = "<group>"; };
		73F13D1924452F1200BEC5D0 /* trace.c */ = {isa = PBXFileReference; explicitFileType = sourcecode.cpp.cpp; fileEncoding = 4; name = trace.c; path = ../trace.c; sourceTree = "<group>"; };
		73F13D1B24452F1200BEC5D0 /* item.c */ = {isa = PBXFileReference; explicitFileType = sourcecode.cpp.cpp; fileEncoding = 4; name = item.c; path = ../item.c; sourceTree = "<group>"; };
		73F13D1D24452F1200BEC5D0 /* pathfinding.c */ = {isa = PBXFileReference; explicitFileType = sourcecode.cpp.cpp; fileEncoding = 4; name = pathfinding.c; path = ../pathfinding.c; sourceTree = "<group>"; };
		73F13D1F24452F1200BEC5D0 /* character.c */ = {isa = PBXFileReference; explicitFileType = sourcecode.cpp.cpp; fileEncoding = 4; name = character.c; path = ../character.c; sourceTree = "<group>"; };
		73F13D2024452F1200BEC5D0 /* sprite.c */ = {isa = PBXFileReference; explicitFileType = sourcecode.cpp.cpp; fileEncoding = 4; name = sprite.c; path = ../sprite.c; sourceTree = "<group>"; };
		73F13D2124452F1200BEC5D0 /* vec2d.c */ = {isa = PBXFileReference; explicitFileType = sourcecode.cpp.cpp; fileEncoding = 4; name = vec2d.c; path = ../vec2d.c; sourceTree = "<group>"; };
		73F13D2324452F1300BEC5D0 /* renderer.c */ = {isa = PBXFileReference; explicitFileType = sourcecode.cpp.cpp; fileEncoding = 4; name = renderer.c; path = ../renderer.c; sourceTree = "<group>"; };
		73F13D2424452F1300BEC5D0 /* game.c */ = {isa = PBXFileReference; explicitFileType = sourcecode.cpp.cpp; fileEncoding = 4; name = game.c; path = ../game.c; sourceTree = "<group>"; };
		73F13D2524452F1300BEC5D0 /* animation.c */ = {isa = PBXFileReference; explicitFileType = sourcecode.cpp.cpp; fileEncoding = 4; name = animation.c; path = ../animation.c; sourceTree = "<group>"; };
		73F13D2624452F1300BEC5D0 /* university_map_graph.c */ = {isa = PBXFileReference; explicitFileType = sourcecode.cpp.cpp; fileEncoding = 4; name = university_map_graph.c; path = ../university_map_graph.c; sourceTree = "<group>"; };
		73F13D2724452F1300BEC5D0 /* gameutils.c */ = {isa = PBXFileReference; explicitFileType = sourcecode.cpp.cpp; fileEncoding = 4; name = gameutils.c; path = ../gameutils.c; sourceTree = "<group>"; };
		73F13D2924452F1300BEC5D0 /* physics.c */ = {isa = PBXFileReference; explicitFileType = sourcecode.cpp.cpp; fileEncoding = 4; name = physics.c; path = ../physics.c; sourceTree = "<group>"; };
		73F13D2B24452F1300BEC5D0 /* compat.c */ = {isa = PBXFileReference; explicitFileType = sourcecode.cpp.cpp; fileEncoding = 4; name = compat.c; path = ../compat.c; sourceTree = "<group>"; };
		73F13D2C24452F1300BEC5D0 /* rotation.c */ = {isa = PBXFileReference; explicitFileType = sourcecode.cpp.cpp; fileEncoding = 4; name = rotation.c; path = ../rotation.c; sourceTree = "<group>"; };
		73F13D2D24452F1400BEC5D0 /* university_map_collision.c */ = {isa = PBXFileReference; explicitFileType = sourcecode.cpp.cpp; fileEncoding = 4; name = university_map_collision.c; path = ../university_map_collision.c; sourceTree = "<group>"; };
		73F13D2F24452F1400BEC5D0 /* vec3d.c */ = {isa = PBXFileReference; explicitFileType = sourcecode.cpp.cpp; fileEncoding = 4; name = vec3d.c; path = ../vec3d.c; sourceTree = "<group>"; };
		73F13D3224452F1400BEC5D0 /* frustum.c */ = {isa = PBXFileReference; explicitFileType = sourcecode.cpp.cpp; fileEncoding = 4; name = frustum.c; path = ../frustum.c; sourceTree = "<group>"; };
		73F13D3324452F1400BEC5D0 /* characterstate.c */ = {isa = PBXFileReference; explicitFileType = sourcecode.cpp.cpp; fileEncoding = 4; name = characterstate.c; path = ../characterstate.c; sourceTree = "<group>"; };
		73F13D3524452F1400BEC5D0 /* input.c */ = {isa = PBXFileReference; explicitFileType = sourcecode.cpp.cpp; fileEncoding = 4; name = input.c; path = ../input.c; sourceTree = "<group>"; };
		73F13D3624452F1400BEC5D0 /* collision.c */ = {isa = PBXFileReference; explicitFileType = sourcecode.cpp.cpp; fileEncoding = 4; name = collision.c; path = ../collision.c; sourceTree = "<group>"; };
		73F13D3724452F1500BEC5D0 /* player.c */ = {isa = PBXFileReference; explicitFileType = sourcecode.cpp.cpp; fileEncoding = 4; name = player.c; path = ../player.c; sourceTree = "<group>"; };
/* End PBXFileReference section */

/* Begin PBXFrameworksBuildPhase section */
		73881961234D854C0057630E /* Frameworks */ = {
			isa = PBXFrameworksBuildPhase;
			buildActionMask = 2147483647;
			files = (
				734E1B1423556A8800FBF3CC /* GLUT.framework in Frameworks */,
				734E1B1223556A8300FBF3CC /* OpenGL.framework in Frameworks */,
			);
			runOnlyForDeploymentPostprocessing = 0;
		};
/* End PBXFrameworksBuildPhase section */

/* Begin PBXGroup section */
		732EC52F2413783C00CCCA81 /* nodegraph */ = {
			isa = PBXGroup;
			children = (
				732EC5302413783C00CCCA81 /* nodegraph.hpp */,
				732EC5312413783C00CCCA81 /* nodegraph.cpp */,
			);
			name = nodegraph;
			path = ../nodegraph;
			sourceTree = "<group>";
		};
		734E1B1023556A8300FBF3CC /* Frameworks */ = {
			isa = PBXGroup;
			children = (
				73A2C3C42362720B0036BCCB /* SDL2.framework */,
				734E1B1323556A8800FBF3CC /* GLUT.framework */,
				734E1B1123556A8300FBF3CC /* OpenGL.framework */,
			);
			name = Frameworks;
			sourceTree = "<group>";
		};
		7388195B234D854C0057630E = {
			isa = PBXGroup;
			children = (
				733266C7235EAA7600907B30 /* glgoose.cpp */,
				733266E0235EAB8100907B30 /* objloader.hpp */,
				733266D9235EAB8100907B30 /* objloader.cpp */,
				732EC52F2413783C00CCCA81 /* nodegraph */,
				73E1066323B0144500DE8673 /* imgui */,
				733266E3235EAB8200907B30 /* texture.cpp */,
				733266DD235EAB8100907B30 /* texture.hpp */,
				73A6BA10241F37B100C67C12 /* trace.h */,
				732EC5292412219800CCCA81 /* compat.h */,
				73996977242497AC00E671B5 /* frustum.h */,
				732EC52C2412275D00CCCA81 /* university_map_graph.h */,
				7300A9AA23A9F79C00CD6A5B /* characteranimtypes.h */,
				73E9049723944EE600CF5D2F /* rotation.h */,
				73E90495238B326100CF5D2F /* animation.h */,
				73A0934F2389088400C53E85 /* physics.h */,
				732EC533241378E400CCCA81 /* pathfinding.h */,
				73735E6123600FF10048C9EC /* item.h */,
				733266DC235EAB8100907B30 /* vec2d.h */,
				733266D8235EAB8100907B30 /* vec3d.h */,
				733266BE235CFB2C00907B30 /* renderer.h */,
				7300A9AB23A9F7A900CD6A5B /* character_anim.h */,
				734E1B2223556F4A00FBF3CC /* gameobject.h */,
				73E1067223B483A400DE8673 /* collision.h */,
				733266EE235EC53400907B30 /* character.h */,
				733266ED235EAD0B00907B30 /* game.h */,
				733266DB235EAB8100907B30 /* input.h */,
				73F13D2724452F1300BEC5D0 /* gameutils.c */,
				73F13D3524452F1400BEC5D0 /* input.c */,
				73F13D1324452D7300BEC5D0 /* item.c */,
				73F13D2924452F1300BEC5D0 /* physics.c */,
				73F13D3724452F1500BEC5D0 /* player.c */,
				733266D6235EAB8100907B30 /* renderer.c */,
				73F13D2524452F1300BEC5D0 /* animation.c */,
				73F13D1F24452F1200BEC5D0 /* character.c */,
				73F13D3324452F1400BEC5D0 /* characterstate.c */,
				73F13D3624452F1400BEC5D0 /* collision.c */,
				73F13D2B24452F1300BEC5D0 /* compat.c */,
				73F13D3224452F1400BEC5D0 /* frustum.c */,
				73F13D2424452F1300BEC5D0 /* game.c */,
				73F13D1724452F1100BEC5D0 /* gameobject.c */,
				73F13D1B24452F1200BEC5D0 /* item.c */,
				73F13D1824452F1200BEC5D0 /* modeltype.c */,
				73F13D1D24452F1200BEC5D0 /* pathfinding.c */,
				73F13D2324452F1300BEC5D0 /* renderer.c */,
				73F13D2C24452F1300BEC5D0 /* rotation.c */,
				73F13D2024452F1200BEC5D0 /* sprite.c */,
				73F13D1924452F1200BEC5D0 /* trace.c */,
				73F13D2D24452F1400BEC5D0 /* university_map_collision.c */,
				73F13D2624452F1300BEC5D0 /* university_map_graph.c */,
				73F13D2124452F1200BEC5D0 /* vec2d.c */,
				73F13D2F24452F1400BEC5D0 /* vec3d.c */,
				73881965234D854C0057630E /* Products */,
				734E1B1023556A8300FBF3CC /* Frameworks */,
			);
			sourceTree = "<group>";
		};
		73881965234D854C0057630E /* Products */ = {
			isa = PBXGroup;
			children = (
				73881964234D854C0057630E /* goose64glut */,
			);
			name = Products;
			sourceTree = "<group>";
		};
		73E1066323B0144500DE8673 /* imgui */ = {
			isa = PBXGroup;
			children = (
				73E1066E23B014A600DE8673 /* imgui_draw.cpp */,
				73E1066D23B014A600DE8673 /* imgui_widgets.cpp */,
				73E1066623B0146600DE8673 /* imgui_impl_glut.cpp */,
				73E1066423B0146500DE8673 /* imgui_impl_glut.h */,
				73E1066923B0146600DE8673 /* imgui_impl_opengl2.cpp */,
				73E1066823B0146600DE8673 /* imgui_impl_opengl2.h */,
				73E1066723B0146600DE8673 /* imgui.cpp */,
				73E1066523B0146500DE8673 /* imgui.h */,
			);
			name = imgui;
			sourceTree = "<group>";
		};
/* End PBXGroup section */

/* Begin PBXNativeTarget section */
		73881963234D854C0057630E /* goose64glut */ = {
			isa = PBXNativeTarget;
			buildConfigurationList = 7388196B234D854C0057630E /* Build configuration list for PBXNativeTarget "goose64glut" */;
			buildPhases = (
				73881960234D854C0057630E /* Sources */,
				73881961234D854C0057630E /* Frameworks */,
				73881962234D854C0057630E /* Copy Files */,
			);
			buildRules = (
				73E55093244531190040E450 /* PBXBuildRule */,
			);
			dependencies = (
			);
			name = goose64glut;
			productName = goose64glut;
			productReference = 73881964234D854C0057630E /* goose64glut */;
			productType = "com.apple.product-type.tool";
		};
/* End PBXNativeTarget section */

/* Begin PBXProject section */
		7388195C234D854C0057630E /* Project object */ = {
			isa = PBXProject;
			attributes = {
				LastUpgradeCheck = 1100;
				ORGANIZATIONNAME = jsdf;
				TargetAttributes = {
					73881963234D854C0057630E = {
						CreatedOnToolsVersion = 11.0;
					};
				};
			};
			buildConfigurationList = 7388195F234D854C0057630E /* Build configuration list for PBXProject "goose64glut" */;
			compatibilityVersion = "Xcode 9.3";
			developmentRegion = en;
			hasScannedForEncodings = 0;
			knownRegions = (
				en,
				Base,
			);
			mainGroup = 7388195B234D854C0057630E;
			productRefGroup = 73881965234D854C0057630E /* Products */;
			projectDirPath = "";
			projectRoot = "";
			targets = (
				73881963234D854C0057630E /* goose64glut */,
			);
		};
/* End PBXProject section */

/* Begin PBXSourcesBuildPhase section */
		73881960234D854C0057630E /* Sources */ = {
			isa = PBXSourcesBuildPhase;
			buildActionMask = 2147483647;
			files = (
				73F13D3C24452F1500BEC5D0 /* item.c in Sources */,
				73F13D4424452F1500BEC5D0 /* renderer.c in Sources */,
				733266C8235EAA7600907B30 /* glgoose.cpp in Sources */,
				73F13D3A24452F1500BEC5D0 /* trace.c in Sources */,
				73F13D5424452F1500BEC5D0 /* characterstate.c in Sources */,
				73F13D4124452F1500BEC5D0 /* sprite.c in Sources */,
				73E1066A23B0146600DE8673 /* imgui_impl_glut.cpp in Sources */,
				73F13D1424452D7300BEC5D0 /* item.c in Sources */,
				73E1067023B014A600DE8673 /* imgui_draw.cpp in Sources */,
				73F13D4D24452F1500BEC5D0 /* rotation.c in Sources */,
				73F13D4524452F1500BEC5D0 /* game.c in Sources */,
				73F13D5024452F1500BEC5D0 /* vec3d.c in Sources */,
				73E1066B23B0146600DE8673 /* imgui.cpp in Sources */,
				73F13D4224452F1500BEC5D0 /* vec2d.c in Sources */,
				73F13D4824452F1500BEC5D0 /* gameutils.c in Sources */,
				73F13D5624452F1500BEC5D0 /* input.c in Sources */,
				732EC5322413783C00CCCA81 /* nodegraph.cpp in Sources */,
				73F13D4724452F1500BEC5D0 /* university_map_graph.c in Sources */,
				73F13D5324452F1500BEC5D0 /* frustum.c in Sources */,
				73E1066F23B014A600DE8673 /* imgui_widgets.cpp in Sources */,
				73F13D4624452F1500BEC5D0 /* animation.c in Sources */,
				73F13D5724452F1500BEC5D0 /* collision.c in Sources */,
				73F13D5824452F1500BEC5D0 /* player.c in Sources */,
				73F13D3924452F1500BEC5D0 /* modeltype.c in Sources */,
				73F13D4C24452F1500BEC5D0 /* compat.c in Sources */,
				73E1066C23B0146600DE8673 /* imgui_impl_opengl2.cpp in Sources */,
				73F13D4E24452F1500BEC5D0 /* university_map_collision.c in Sources */,
				73F13D4024452F1500BEC5D0 /* character.c in Sources */,
				73F13D4A24452F1500BEC5D0 /* physics.c in Sources */,
				733266E7235EAB8200907B30 /* objloader.cpp in Sources */,
				733266EC235EAB8200907B30 /* texture.cpp in Sources */,
				73F13D3E24452F1500BEC5D0 /* pathfinding.c in Sources */,
				73F13D3824452F1500BEC5D0 /* gameobject.c in Sources */,
			);
			runOnlyForDeploymentPostprocessing = 0;
		};
/* End PBXSourcesBuildPhase section */

/* Begin XCBuildConfiguration section */
		73881969234D854C0057630E /* Debug */ = {
			isa = XCBuildConfiguration;
			buildSettings = {
				ALWAYS_SEARCH_USER_PATHS = NO;
				CLANG_ANALYZER_NONNULL = YES;
				CLANG_ANALYZER_NUMBER_OBJECT_CONVERSION = YES_AGGRESSIVE;
				CLANG_CXX_LANGUAGE_STANDARD = "gnu++14";
				CLANG_CXX_LIBRARY = "libc++";
				CLANG_ENABLE_MODULES = YES;
				CLANG_ENABLE_OBJC_ARC = YES;
				CLANG_ENABLE_OBJC_WEAK = YES;
				CLANG_WARN_BLOCK_CAPTURE_AUTORELEASING = YES;
				CLANG_WARN_BOOL_CONVERSION = YES;
				CLANG_WARN_COMMA = YES;
				CLANG_WARN_CONSTANT_CONVERSION = YES;
				CLANG_WARN_DEPRECATED_OBJC_IMPLEMENTATIONS = YES;
				CLANG_WARN_DIRECT_OBJC_ISA_USAGE = YES_ERROR;
				CLANG_WARN_DOCUMENTATION_COMMENTS = YES;
				CLANG_WARN_EMPTY_BODY = YES;
				CLANG_WARN_ENUM_CONVERSION = YES;
				CLANG_WARN_INFINITE_RECURSION = YES;
				CLANG_WARN_INT_CONVERSION = YES;
				CLANG_WARN_NON_LITERAL_NULL_CONVERSION = YES;
				CLANG_WARN_OBJC_IMPLICIT_RETAIN_SELF = YES;
				CLANG_WARN_OBJC_LITERAL_CONVERSION = YES;
				CLANG_WARN_OBJC_ROOT_CLASS = YES_ERROR;
				CLANG_WARN_RANGE_LOOP_ANALYSIS = YES;
				CLANG_WARN_STRICT_PROTOTYPES = YES;
				CLANG_WARN_SUSPICIOUS_MOVE = YES;
				CLANG_WARN_UNGUARDED_AVAILABILITY = YES_AGGRESSIVE;
				CLANG_WARN_UNREACHABLE_CODE = YES;
				CLANG_WARN__DUPLICATE_METHOD_MATCH = YES;
				COPY_PHASE_STRIP = NO;
				DEBUG_INFORMATION_FORMAT = dwarf;
				ENABLE_STRICT_OBJC_MSGSEND = YES;
				ENABLE_TESTABILITY = YES;
				GCC_C_LANGUAGE_STANDARD = gnu11;
				GCC_DYNAMIC_NO_PIC = NO;
				GCC_NO_COMMON_BLOCKS = YES;
				GCC_OPTIMIZATION_LEVEL = 0;
				GCC_PREPROCESSOR_DEFINITIONS = (
					"DEBUG=1",
					"$(inherited)",
				);
				GCC_WARN_64_TO_32_BIT_CONVERSION = YES;
				GCC_WARN_ABOUT_RETURN_TYPE = YES_ERROR;
				GCC_WARN_UNDECLARED_SELECTOR = YES;
				GCC_WARN_UNINITIALIZED_AUTOS = YES_AGGRESSIVE;
				GCC_WARN_UNUSED_FUNCTION = YES;
				GCC_WARN_UNUSED_VARIABLE = YES;
				MACOSX_DEPLOYMENT_TARGET = 10.14;
				MTL_ENABLE_DEBUG_INFO = INCLUDE_SOURCE;
				MTL_FAST_MATH = YES;
				ONLY_ACTIVE_ARCH = YES;
				SDKROOT = macosx;
			};
			name = Debug;
		};
		7388196A234D854C0057630E /* Release */ = {
			isa = XCBuildConfiguration;
			buildSettings = {
				ALWAYS_SEARCH_USER_PATHS = NO;
				CLANG_ANALYZER_NONNULL = YES;
				CLANG_ANALYZER_NUMBER_OBJECT_CONVERSION = YES_AGGRESSIVE;
				CLANG_CXX_LANGUAGE_STANDARD = "gnu++14";
				CLANG_CXX_LIBRARY = "libc++";
				CLANG_ENABLE_MODULES = YES;
				CLANG_ENABLE_OBJC_ARC = YES;
				CLANG_ENABLE_OBJC_WEAK = YES;
				CLANG_WARN_BLOCK_CAPTURE_AUTORELEASING = YES;
				CLANG_WARN_BOOL_CONVERSION = YES;
				CLANG_WARN_COMMA = YES;
				CLANG_WARN_CONSTANT_CONVERSION = YES;
				CLANG_WARN_DEPRECATED_OBJC_IMPLEMENTATIONS = YES;
				CLANG_WARN_DIRECT_OBJC_ISA_USAGE = YES_ERROR;
				CLANG_WARN_DOCUMENTATION_COMMENTS = YES;
				CLANG_WARN_EMPTY_BODY = YES;
				CLANG_WARN_ENUM_CONVERSION = YES;
				CLANG_WARN_INFINITE_RECURSION = YES;
				CLANG_WARN_INT_CONVERSION = YES;
				CLANG_WARN_NON_LITERAL_NULL_CONVERSION = YES;
				CLANG_WARN_OBJC_IMPLICIT_RETAIN_SELF = YES;
				CLANG_WARN_OBJC_LITERAL_CONVERSION = YES;
				CLANG_WARN_OBJC_ROOT_CLASS = YES_ERROR;
				CLANG_WARN_RANGE_LOOP_ANALYSIS = YES;
				CLANG_WARN_STRICT_PROTOTYPES = YES;
				CLANG_WARN_SUSPICIOUS_MOVE = YES;
				CLANG_WARN_UNGUARDED_AVAILABILITY = YES_AGGRESSIVE;
				CLANG_WARN_UNREACHABLE_CODE = YES;
				CLANG_WARN__DUPLICATE_METHOD_MATCH = YES;
				COPY_PHASE_STRIP = NO;
				DEBUG_INFORMATION_FORMAT = "dwarf-with-dsym";
				ENABLE_NS_ASSERTIONS = NO;
				ENABLE_STRICT_OBJC_MSGSEND = YES;
				GCC_C_LANGUAGE_STANDARD = gnu11;
				GCC_NO_COMMON_BLOCKS = YES;
				GCC_WARN_64_TO_32_BIT_CONVERSION = YES;
				GCC_WARN_ABOUT_RETURN_TYPE = YES_ERROR;
				GCC_WARN_UNDECLARED_SELECTOR = YES;
				GCC_WARN_UNINITIALIZED_AUTOS = YES_AGGRESSIVE;
				GCC_WARN_UNUSED_FUNCTION = YES;
				GCC_WARN_UNUSED_VARIABLE = YES;
				MACOSX_DEPLOYMENT_TARGET = 10.14;
				MTL_ENABLE_DEBUG_INFO = NO;
				MTL_FAST_MATH = YES;
				SDKROOT = macosx;
			};
			name = Release;
		};
		7388196C234D854C0057630E /* Debug */ = {
			isa = XCBuildConfiguration;
			buildSettings = {
				ALWAYS_SEARCH_USER_PATHS = YES;
				CODE_SIGN_STYLE = Automatic;
				FRAMEWORK_SEARCH_PATHS = (
					"$(inherited)",
					"$(LOCAL_LIBRARY_DIR)/Frameworks",
				);
				HEADER_SEARCH_PATHS = /usr/local/include;
				LIBRARY_SEARCH_PATHS = /usr/local/lib;
				PRODUCT_NAME = "$(TARGET_NAME)";
				WARNING_CFLAGS = (
					"-Wno-missing-braces",
					"-Wno-deprecated-declarations",
					"-Wno-comment",
					"-Wno-constant-conversion",
				);
			};
			name = Debug;
		};
		7388196D234D854C0057630E /* Release */ = {
			isa = XCBuildConfiguration;
			buildSettings = {
				ALWAYS_SEARCH_USER_PATHS = YES;
				CODE_SIGN_STYLE = Automatic;
				FRAMEWORK_SEARCH_PATHS = (
					"$(inherited)",
					"$(LOCAL_LIBRARY_DIR)/Frameworks",
				);
				HEADER_SEARCH_PATHS = /usr/local/include;
				LIBRARY_SEARCH_PATHS = /usr/local/lib;
				PRODUCT_NAME = "$(TARGET_NAME)";
				WARNING_CFLAGS = (
					"-Wno-missing-braces",
					"-Wno-deprecated-declarations",
					"-Wno-comment",
					"-Wno-constant-conversion",
				);
			};
			name = Release;
		};
/* End XCBuildConfiguration section */

/* Begin XCConfigurationList section */
		7388195F234D854C0057630E /* Build configuration list for PBXProject "goose64glut" */ = {
			isa = XCConfigurationList;
			buildConfigurations = (
				73881969234D854C0057630E /* Debug */,
				7388196A234D854C0057630E /* Release */,
			);
			defaultConfigurationIsVisible = 0;
			defaultConfigurationName = Release;
		};
		7388196B234D854C0057630E /* Build configuration list for PBXNativeTarget "goose64glut" */ = {
			isa = XCConfigurationList;
			buildConfigurations = (
				7388196C234D854C0057630E /* Debug */,
				7388196D234D854C0057630E /* Release */,
			);
			defaultConfigurationIsVisible = 0;
			defaultConfigurationName = Release;
		};
/* End XCConfigurationList section */
	};
	rootObject = 7388195C234D854C0057630E /* Project object */;
}
